
Microsoft Visual Studio Solution File, Format Version 12.00
# Visual Studio 2012
Project("{FAE04EC0-301F-11D3-BF4B-00C04F79EFBC}") = "Toasty", "Toasty\Toasty.csproj", "{F656432F-EE8C-46A2-A166-6DBE36ECEBB1}"
EndProject
Global
	GlobalSection(SolutionConfigurationPlatforms) = preSolution
		Debug|Any CPU = Debug|Any CPU
		Release|Any CPU = Release|Any CPU
	EndGlobalSection
	GlobalSection(ProjectConfigurationPlatforms) = postSolution
		{F656432F-EE8C-46A2-A166-6DBE36ECEBB1}.Debug|Any CPU.ActiveCfg = Debug|Any CPU
		{F656432F-EE8C-46A2-A166-6DBE36ECEBB1}.Debug|Any CPU.Build.0 = Debug|Any CPU
		{F656432F-EE8C-46A2-A166-6DBE36ECEBB1}.Release|Any CPU.ActiveCfg = Release|Any CPU
		{F656432F-EE8C-46A2-A166-6DBE36ECEBB1}.Release|Any CPU.Build.0 = Release|Any CPU
	EndGlobalSection
EndGlobal
